
Microsoft Visual Studio Solution File, Format Version 12.00
# Visual Studio Version 17
VisualStudioVersion = 17.8.34408.163
MinimumVisualStudioVersion = 10.0.40219.1
Project("{2150E333-8FDC-42A3-9474-1A3956D46DE8}") = "BuildingBlocks", "BuildingBlocks", "{0CB8C063-EE8E-46F7-B20B-A68C529DEF82}"
EndProject
Project("{9A19103F-16F7-4668-BE54-9A1E7A4F7556}") = "BuildingBlocks", "BuildingBlocks\BuildingBlocks\BuildingBlocks.csproj", "{BDC2CC46-602A-4FC3-AF32-C13E632EC174}"
EndProject
Project("{9A19103F-16F7-4668-BE54-9A1E7A4F7556}") = "BuildingBlocks.Messaging", "BuildingBlocks\BuildingBlocks.Messaging\BuildingBlocks.Messaging.csproj", "{2882CF69-C0B4-4751-9ED2-0D2370528EF9}"
EndProject
Project("{2150E333-8FDC-42A3-9474-1A3956D46DE8}") = "Gateways", "Gateways", "{09A61B2A-DB2E-46C6-8A52-3566013B740F}"
EndProject
Project("{9A19103F-16F7-4668-BE54-9A1E7A4F7556}") = "APIGateway", "Gateways\APIGateway\APIGateway.csproj", "{4FD3AA13-E002-4776-AF67-BE89BC142BA7}"
EndProject
Project("{2150E333-8FDC-42A3-9474-1A3956D46DE8}") = "Services", "Services", "{B5BFF034-CA54-427C-B7CE-9C0BB65C5A0D}"
EndProject
Project("{2150E333-8FDC-42A3-9474-1A3956D46DE8}") = "Customer", "Customer", "{7A37CA63-3D89-47B9-B802-180FBE0249A6}"
EndProject
Project("{9A19103F-16F7-4668-BE54-9A1E7A4F7556}") = "Customer.API", "Services\Customer\Customer.API\Customer.API.csproj", "{4A387636-D70A-426C-87D7-98CDE83D6132}"
EndProject
Project("{9A19103F-16F7-4668-BE54-9A1E7A4F7556}") = "Customer.Application", "Services\Customer\Customer.Application\Customer.Application.csproj", "{92DBFC74-0B75-498F-AA80-FAAF82417EF4}"
EndProject
Project("{9A19103F-16F7-4668-BE54-9A1E7A4F7556}") = "Customer.Domain", "Services\Customer\Customer.Domain\Customer.Domain.csproj", "{9C57F94D-48BF-467D-AEDC-EC00D23F474D}"
EndProject
Project("{9A19103F-16F7-4668-BE54-9A1E7A4F7556}") = "Customer.Infrastructure", "Services\Customer\Customer.Infrastructure\Customer.Infrastructure.csproj", "{902988D1-C92A-4A4B-A46E-08EB0C4F0F03}"
EndProject
Project("{E53339B2-1760-4266-BCC7-CA923CBCF16C}") = "docker-compose", "docker-compose.dcproj", "{6DCBEC70-4866-4297-9AD0-73928CCFA987}"
EndProject
Project("{9A19103F-16F7-4668-BE54-9A1E7A4F7556}") = "CCP.MockAPI", "Gateways\CCPGateway\CCP.MockAPI\CCP.MockAPI.csproj", "{DA2800BB-7A19-4FB1-8FB5-A9B00549AC7A}"
EndProject
Project("{9A19103F-16F7-4668-BE54-9A1E7A4F7556}") = "Catalog.API", "Services\Catalog\Catalog.API\Catalog.API.csproj", "{8BA38828-4E20-47ED-AD61-100F19500282}"
EndProject
Project("{2150E333-8FDC-42A3-9474-1A3956D46DE8}") = "Catalog", "Catalog", "{6B33EDCD-286E-4711-991E-086AC5280F9E}"
EndProject
Project("{2150E333-8FDC-42A3-9474-1A3956D46DE8}") = "Purchase", "Purchase", "{8974817D-6D62-4EFD-BA78-0533FE56267F}"
EndProject
Project("{9A19103F-16F7-4668-BE54-9A1E7A4F7556}") = "Purchase.API", "Services\Purchase\Purchase.API\Purchase.API.csproj", "{A3C4D85A-210D-48E7-97B2-7EBB11E8AF81}"
EndProject
Project("{2150E333-8FDC-42A3-9474-1A3956D46DE8}") = "CCPGateway", "CCPGateway", "{09097FF1-4161-47DA-84B8-299260DA7477}"
EndProject
Global
	GlobalSection(SolutionConfigurationPlatforms) = preSolution
		Debug|Any CPU = Debug|Any CPU
		Release|Any CPU = Release|Any CPU
	EndGlobalSection
	GlobalSection(ProjectConfigurationPlatforms) = postSolution
		{BDC2CC46-602A-4FC3-AF32-C13E632EC174}.Debug|Any CPU.ActiveCfg = Debug|Any CPU
		{BDC2CC46-602A-4FC3-AF32-C13E632EC174}.Debug|Any CPU.Build.0 = Debug|Any CPU
		{BDC2CC46-602A-4FC3-AF32-C13E632EC174}.Release|Any CPU.ActiveCfg = Release|Any CPU
		{BDC2CC46-602A-4FC3-AF32-C13E632EC174}.Release|Any CPU.Build.0 = Release|Any CPU
		{2882CF69-C0B4-4751-9ED2-0D2370528EF9}.Debug|Any CPU.ActiveCfg = Debug|Any CPU
		{2882CF69-C0B4-4751-9ED2-0D2370528EF9}.Debug|Any CPU.Build.0 = Debug|Any CPU
		{2882CF69-C0B4-4751-9ED2-0D2370528EF9}.Release|Any CPU.ActiveCfg = Release|Any CPU
		{2882CF69-C0B4-4751-9ED2-0D2370528EF9}.Release|Any CPU.Build.0 = Release|Any CPU
		{4FD3AA13-E002-4776-AF67-BE89BC142BA7}.Debug|Any CPU.ActiveCfg = Debug|Any CPU
		{4FD3AA13-E002-4776-AF67-BE89BC142BA7}.Debug|Any CPU.Build.0 = Debug|Any CPU
		{4FD3AA13-E002-4776-AF67-BE89BC142BA7}.Release|Any CPU.ActiveCfg = Release|Any CPU
		{4FD3AA13-E002-4776-AF67-BE89BC142BA7}.Release|Any CPU.Build.0 = Release|Any CPU
		{4A387636-D70A-426C-87D7-98CDE83D6132}.Debug|Any CPU.ActiveCfg = Debug|Any CPU
		{4A387636-D70A-426C-87D7-98CDE83D6132}.Debug|Any CPU.Build.0 = Debug|Any CPU
		{4A387636-D70A-426C-87D7-98CDE83D6132}.Release|Any CPU.ActiveCfg = Release|Any CPU
		{4A387636-D70A-426C-87D7-98CDE83D6132}.Release|Any CPU.Build.0 = Release|Any CPU
		{92DBFC74-0B75-498F-AA80-FAAF82417EF4}.Debug|Any CPU.ActiveCfg = Debug|Any CPU
		{92DBFC74-0B75-498F-AA80-FAAF82417EF4}.Debug|Any CPU.Build.0 = Debug|Any CPU
		{92DBFC74-0B75-498F-AA80-FAAF82417EF4}.Release|Any CPU.ActiveCfg = Release|Any CPU
		{92DBFC74-0B75-498F-AA80-FAAF82417EF4}.Release|Any CPU.Build.0 = Release|Any CPU
		{9C57F94D-48BF-467D-AEDC-EC00D23F474D}.Debug|Any CPU.ActiveCfg = Debug|Any CPU
		{9C57F94D-48BF-467D-AEDC-EC00D23F474D}.Debug|Any CPU.Build.0 = Debug|Any CPU
		{9C57F94D-48BF-467D-AEDC-EC00D23F474D}.Release|Any CPU.ActiveCfg = Release|Any CPU
		{9C57F94D-48BF-467D-AEDC-EC00D23F474D}.Release|Any CPU.Build.0 = Release|Any CPU
		{902988D1-C92A-4A4B-A46E-08EB0C4F0F03}.Debug|Any CPU.ActiveCfg = Debug|Any CPU
		{902988D1-C92A-4A4B-A46E-08EB0C4F0F03}.Debug|Any CPU.Build.0 = Debug|Any CPU
		{902988D1-C92A-4A4B-A46E-08EB0C4F0F03}.Release|Any CPU.ActiveCfg = Release|Any CPU
		{902988D1-C92A-4A4B-A46E-08EB0C4F0F03}.Release|Any CPU.Build.0 = Release|Any CPU
		{6DCBEC70-4866-4297-9AD0-73928CCFA987}.Debug|Any CPU.ActiveCfg = Debug|Any CPU
		{6DCBEC70-4866-4297-9AD0-73928CCFA987}.Debug|Any CPU.Build.0 = Debug|Any CPU
		{6DCBEC70-4866-4297-9AD0-73928CCFA987}.Release|Any CPU.ActiveCfg = Release|Any CPU
		{6DCBEC70-4866-4297-9AD0-73928CCFA987}.Release|Any CPU.Build.0 = Release|Any CPU
		{DA2800BB-7A19-4FB1-8FB5-A9B00549AC7A}.Debug|Any CPU.ActiveCfg = Debug|Any CPU
		{DA2800BB-7A19-4FB1-8FB5-A9B00549AC7A}.Debug|Any CPU.Build.0 = Debug|Any CPU
		{DA2800BB-7A19-4FB1-8FB5-A9B00549AC7A}.Release|Any CPU.ActiveCfg = Release|Any CPU
		{DA2800BB-7A19-4FB1-8FB5-A9B00549AC7A}.Release|Any CPU.Build.0 = Release|Any CPU
		{8BA38828-4E20-47ED-AD61-100F19500282}.Debug|Any CPU.ActiveCfg = Debug|Any CPU
		{8BA38828-4E20-47ED-AD61-100F19500282}.Debug|Any CPU.Build.0 = Debug|Any CPU
		{8BA38828-4E20-47ED-AD61-100F19500282}.Release|Any CPU.ActiveCfg = Release|Any CPU
		{8BA38828-4E20-47ED-AD61-100F19500282}.Release|Any CPU.Build.0 = Release|Any CPU
		{A3C4D85A-210D-48E7-97B2-7EBB11E8AF81}.Debug|Any CPU.ActiveCfg = Debug|Any CPU
		{A3C4D85A-210D-48E7-97B2-7EBB11E8AF81}.Debug|Any CPU.Build.0 = Debug|Any CPU
		{A3C4D85A-210D-48E7-97B2-7EBB11E8AF81}.Release|Any CPU.ActiveCfg = Release|Any CPU
		{A3C4D85A-210D-48E7-97B2-7EBB11E8AF81}.Release|Any CPU.Build.0 = Release|Any CPU
	EndGlobalSection
	GlobalSection(SolutionProperties) = preSolution
		HideSolutionNode = FALSE
	EndGlobalSection
	GlobalSection(NestedProjects) = preSolution
		{BDC2CC46-602A-4FC3-AF32-C13E632EC174} = {0CB8C063-EE8E-46F7-B20B-A68C529DEF82}
		{2882CF69-C0B4-4751-9ED2-0D2370528EF9} = {0CB8C063-EE8E-46F7-B20B-A68C529DEF82}
		{4FD3AA13-E002-4776-AF67-BE89BC142BA7} = {09A61B2A-DB2E-46C6-8A52-3566013B740F}
		{7A37CA63-3D89-47B9-B802-180FBE0249A6} = {B5BFF034-CA54-427C-B7CE-9C0BB65C5A0D}
		{4A387636-D70A-426C-87D7-98CDE83D6132} = {7A37CA63-3D89-47B9-B802-180FBE0249A6}
		{92DBFC74-0B75-498F-AA80-FAAF82417EF4} = {7A37CA63-3D89-47B9-B802-180FBE0249A6}
		{9C57F94D-48BF-467D-AEDC-EC00D23F474D} = {7A37CA63-3D89-47B9-B802-180FBE0249A6}
		{902988D1-C92A-4A4B-A46E-08EB0C4F0F03} = {7A37CA63-3D89-47B9-B802-180FBE0249A6}
		{DA2800BB-7A19-4FB1-8FB5-A9B00549AC7A} = {09097FF1-4161-47DA-84B8-299260DA7477}
		{8BA38828-4E20-47ED-AD61-100F19500282} = {6B33EDCD-286E-4711-991E-086AC5280F9E}
		{6B33EDCD-286E-4711-991E-086AC5280F9E} = {B5BFF034-CA54-427C-B7CE-9C0BB65C5A0D}
		{8974817D-6D62-4EFD-BA78-0533FE56267F} = {B5BFF034-CA54-427C-B7CE-9C0BB65C5A0D}
		{A3C4D85A-210D-48E7-97B2-7EBB11E8AF81} = {8974817D-6D62-4EFD-BA78-0533FE56267F}
		{09097FF1-4161-47DA-84B8-299260DA7477} = {09A61B2A-DB2E-46C6-8A52-3566013B740F}
	EndGlobalSection
	GlobalSection(ExtensibilityGlobals) = postSolution
		SolutionGuid = {C4C1ECE9-A4AD-4FED-B0FC-7EA1636ACABF}
	EndGlobalSection
EndGlobal
